
Microsoft Visual Studio Solution File, Format Version 12.00
# Visual Studio Version 17
VisualStudioVersion = 17.8.34601.278
MinimumVisualStudioVersion = 10.0.40219.1
Project("{FAE04EC0-301F-11D3-BF4B-00C04F79EFBC}") = "AliceRestaurant", "AliceRestaurant.csproj", "{D5009401-6EF7-4A6D-BCFD-B39E0C864A57}"
EndProject
Global
	GlobalSection(SolutionConfigurationPlatforms) = preSolution
		Debug|Any CPU = Debug|Any CPU
		Release|Any CPU = Release|Any CPU
	EndGlobalSection
	GlobalSection(ProjectConfigurationPlatforms) = postSolution
		{D5009401-6EF7-4A6D-BCFD-B39E0C864A57}.Debug|Any CPU.ActiveCfg = Debug|Any CPU
		{D5009401-6EF7-4A6D-BCFD-B39E0C864A57}.Debug|Any CPU.Build.0 = Debug|Any CPU
		{D5009401-6EF7-4A6D-BCFD-B39E0C864A57}.Release|Any CPU.ActiveCfg = Release|Any CPU
		{D5009401-6EF7-4A6D-BCFD-B39E0C864A57}.Release|Any CPU.Build.0 = Release|Any CPU
	EndGlobalSection
	GlobalSection(SolutionProperties) = preSolution
		HideSolutionNode = FALSE
	EndGlobalSection
	GlobalSection(ExtensibilityGlobals) = postSolution
		SolutionGuid = {9B76F819-E6D4-4A18-8AF9-1ED372A8A4F0}
	EndGlobalSection
EndGlobal
